github.com/DataDog/mmh3 v0.0.0-20200805151601-30884ca2197a h1:m9REhmyaWD5YJ0P53ygRHxKKo+KM+nw+zz0hEdKztMo=
github.com/DataDog/mmh3 v0.0.0-20200805151601-30884ca2197a/go.mod h1:SvsjzyJlSg0rKsqYgdcFxeEVflx3ZNAyFfkUHP0TxXg=
github.com/DataDog/zstd_0 v0.0.0-20210310093942-586c1286621f h1:5Vuo4niPKFkfwW55jV4vY0ih3VQ9RaQqeqY67fvRn8A=
github.com/DataDog/zstd_0 v0.0.0-20210310093942-586c1286621f/go.mod h1:oXfOhM/Kr8OvqS6tVqJwxPBornV0yrx3bc+l0BDr7PQ=
github.com/davecgh/go-spew v1.1.0/go.mod h1:J7Y8YcW2NihsgmVo/mv3lAwl/skON4iLHjSsI+c5H38=
github.com/davecgh/go-spew v1.1.1 h1:vj9j/u1bqnvCEfJOwUhtlOARqs3+rkHYY13jYWTU97c=
github.com/davecgh/go-spew v1.1.1/go.mod h1:J7Y8YcW2NihsgmVo/mv3lAwl/skON4iLHjSsI+c5H38=
github.com/gogo/protobuf v1.0.0 h1:2jyBKDKU/8v3v2xVR2PtiWQviFUyiaGk2rpfyFT8rTM=
github.com/gogo/protobuf v1.0.0/go.mod h1:r8qH/GZQm5c6nD/R0oafs1akxWv10x8SbQlK7atdtwQ=
github.com/pmezard/go-difflib v1.0.0 h1:4DBwDE0NGyQoBHbLQYPwSUPoCMWR5BEzIk/f1lZbAQM=
github.com/pmezard/go-difflib v1.0.0/go.mod h1:iKH77koFhYxTK1pcRnkKkqfTogsbg7gZNVY4sRDYZ/4=
github.com/stretchr/objx v0.1.0/go.mod h1:HFkY916IF+rwdDfMAkV7OtwuqBVzrE8GR6GFx+wExME=
github.com/stretchr/testify v1.3.0 h1:TivCn/peBQ7UY8ooIcPgZFpTNSz0Q2U6UrFlUfqbe0Q=
github.com/stretchr/testify v1.3.0/go.mod h1:M5WIy9Dh21IEIfnGCwXGc5bZfKNJtfHm1UVUgZn+9EI=
